
Microsoft Visual Studio Solution File, Format Version 12.00
# Visual Studio Version 16
VisualStudioVersion = 16.0.30104.148
MinimumVisualStudioVersion = 10.0.40219.1
Project("{9A19103F-16F7-4668-BE54-9A1E7A4F7556}") = "ApiGateway", "ApiGateway\ApiGateway.csproj", "{05059C57-F667-4866-BE4D-FEB1B6747D79}"
EndProject
Project("{9A19103F-16F7-4668-BE54-9A1E7A4F7556}") = "CustomersAPIServices", "CustomersAPIServices\CustomersAPIServices.csproj", "{5D7141F6-A961-4B82-A2C6-25CE0518200C}"
EndProject
Project("{9A19103F-16F7-4668-BE54-9A1E7A4F7556}") = "ProductsAPIServices", "ProductsAPIServices\ProductsAPIServices.csproj", "{42BAFF25-0D60-4704-BA39-D98330DFC6D4}"
EndProject
Project("{FAE04EC0-301F-11D3-BF4B-00C04F79EFBC}") = "ServiceA", "ServiceA\ServiceA.csproj", "{5A40571F-AC62-4119-8EAB-F1BA2759B6F6}"
EndProject
Project("{FAE04EC0-301F-11D3-BF4B-00C04F79EFBC}") = "ServiceB", "ServiceB\ServiceB.csproj", "{609CC06E-80EA-4603-B59E-FE597DEE342E}"
EndProject
Global
	GlobalSection(SolutionConfigurationPlatforms) = preSolution
		Debug|Any CPU = Debug|Any CPU
		Release|Any CPU = Release|Any CPU
	EndGlobalSection
	GlobalSection(ProjectConfigurationPlatforms) = postSolution
		{05059C57-F667-4866-BE4D-FEB1B6747D79}.Debug|Any CPU.ActiveCfg = Debug|Any CPU
		{05059C57-F667-4866-BE4D-FEB1B6747D79}.Debug|Any CPU.Build.0 = Debug|Any CPU
		{05059C57-F667-4866-BE4D-FEB1B6747D79}.Release|Any CPU.ActiveCfg = Release|Any CPU
		{05059C57-F667-4866-BE4D-FEB1B6747D79}.Release|Any CPU.Build.0 = Release|Any CPU
		{5D7141F6-A961-4B82-A2C6-25CE0518200C}.Debug|Any CPU.ActiveCfg = Debug|Any CPU
		{5D7141F6-A961-4B82-A2C6-25CE0518200C}.Debug|Any CPU.Build.0 = Debug|Any CPU
		{5D7141F6-A961-4B82-A2C6-25CE0518200C}.Release|Any CPU.ActiveCfg = Release|Any CPU
		{5D7141F6-A961-4B82-A2C6-25CE0518200C}.Release|Any CPU.Build.0 = Release|Any CPU
		{42BAFF25-0D60-4704-BA39-D98330DFC6D4}.Debug|Any CPU.ActiveCfg = Debug|Any CPU
		{42BAFF25-0D60-4704-BA39-D98330DFC6D4}.Debug|Any CPU.Build.0 = Debug|Any CPU
		{42BAFF25-0D60-4704-BA39-D98330DFC6D4}.Release|Any CPU.ActiveCfg = Release|Any CPU
		{42BAFF25-0D60-4704-BA39-D98330DFC6D4}.Release|Any CPU.Build.0 = Release|Any CPU
		{5A40571F-AC62-4119-8EAB-F1BA2759B6F6}.Debug|Any CPU.ActiveCfg = Debug|Any CPU
		{5A40571F-AC62-4119-8EAB-F1BA2759B6F6}.Debug|Any CPU.Build.0 = Debug|Any CPU
		{5A40571F-AC62-4119-8EAB-F1BA2759B6F6}.Release|Any CPU.ActiveCfg = Release|Any CPU
		{5A40571F-AC62-4119-8EAB-F1BA2759B6F6}.Release|Any CPU.Build.0 = Release|Any CPU
		{609CC06E-80EA-4603-B59E-FE597DEE342E}.Debug|Any CPU.ActiveCfg = Debug|Any CPU
		{609CC06E-80EA-4603-B59E-FE597DEE342E}.Debug|Any CPU.Build.0 = Debug|Any CPU
		{609CC06E-80EA-4603-B59E-FE597DEE342E}.Release|Any CPU.ActiveCfg = Release|Any CPU
		{609CC06E-80EA-4603-B59E-FE597DEE342E}.Release|Any CPU.Build.0 = Release|Any CPU
	EndGlobalSection
	GlobalSection(SolutionProperties) = preSolution
		HideSolutionNode = FALSE
	EndGlobalSection
	GlobalSection(ExtensibilityGlobals) = postSolution
		SolutionGuid = {029472A4-AD18-4AD7-97EA-3017E678D94F}
	EndGlobalSection
EndGlobal
